// !$*UTF8*$!
{
	archiveVersion = 1;
	classes = {
	};
	objectVersion = 48;
	objects = {

/* Begin PBXBuildFile section */
		1428CD44C3B7D2E52E645A17 /* Pods_flix.framework in Frameworks */ = {isa = PBXBuildFile; fileRef = 4CA2D51C7456C548E50AF3B7 /* Pods_flix.framework */; };
		EF7499FE1FC7FB66008F362A /* DetailViewController.swift in Sources */ = {isa = PBXBuildFile; fileRef = EF7499FD1FC7FB66008F362A /* DetailViewController.swift */; };
		EFDB66291FBFDFD000A2AFBD /* AppDelegate.swift in Sources */ = {isa = PBXBuildFile; fileRef = EFDB66281FBFDFD000A2AFBD /* AppDelegate.swift */; };
		EFDB662E1FBFDFD000A2AFBD /* Main.storyboard in Resources */ = {isa = PBXBuildFile; fileRef = EFDB662C1FBFDFD000A2AFBD /* Main.storyboard */; };
		EFDB66301FBFDFD000A2AFBD /* Assets.xcassets in Resources */ = {isa = PBXBuildFile; fileRef = EFDB662F1FBFDFD000A2AFBD /* Assets.xcassets */; };
		EFDB66331FBFDFD000A2AFBD /* LaunchScreen.storyboard in Resources */ = {isa = PBXBuildFile; fileRef = EFDB66311FBFDFD000A2AFBD /* LaunchScreen.storyboard */; };
		EFDB663B1FBFE1BA00A2AFBD /* NowPlayingViewController.swift in Sources */ = {isa = PBXBuildFile; fileRef = EFDB663A1FBFE1BA00A2AFBD /* NowPlayingViewController.swift */; };
		EFDB663D1FBFE96D00A2AFBD /* MovieCell.swift in Sources */ = {isa = PBXBuildFile; fileRef = EFDB663C1FBFE96D00A2AFBD /* MovieCell.swift */; };
/* End PBXBuildFile section */

/* Begin PBXFileReference section */
		352B3F7F94323CC5168B52DB /* Pods-flix.release.xcconfig */ = {isa = PBXFileReference; includeInIndex = 1; lastKnownFileType = text.xcconfig; name = "Pods-flix.release.xcconfig"; path = "Pods/Target Support Files/Pods-flix/Pods-flix.release.xcconfig"; sourceTree = "<group>"; };
		4CA2D51C7456C548E50AF3B7 /* Pods_flix.framework */ = {isa = PBXFileReference; explicitFileType = wrapper.framework; includeInIndex = 0; path = Pods_flix.framework; sourceTree = BUILT_PRODUCTS_DIR; };
		7BFD37295D4AF9C19EB7BF85 /* Pods-flix.debug.xcconfig */ = {isa = PBXFileReference; includeInIndex = 1; lastKnownFileType = text.xcconfig; name = "Pods-flix.debug.xcconfig"; path = "Pods/Target Support Files/Pods-flix/Pods-flix.debug.xcconfig"; sourceTree = "<group>"; };
		EF7499FD1FC7FB66008F362A /* DetailViewController.swift */ = {isa = PBXFileReference; lastKnownFileType = sourcecode.swift; path = DetailViewController.swift; sourceTree = "<group>"; };
		EFDB66251FBFDFD000A2AFBD /* flix.app */ = {isa = PBXFileReference; explicitFileType = wrapper.application; includeInIndex = 0; path = flix.app; sourceTree = BUILT_PRODUCTS_DIR; };
		EFDB66281FBFDFD000A2AFBD /* AppDelegate.swift */ = {isa = PBXFileReference; lastKnownFileType = sourcecode.swift; path = AppDelegate.swift; sourceTree = "<group>"; };
		EFDB662D1FBFDFD000A2AFBD /* Base */ = {isa = PBXFileReference; lastKnownFileType = file.storyboard; name = Base; path = Base.lproj/Main.storyboard; sourceTree = "<group>"; };
		EFDB662F1FBFDFD000A2AFBD /* Assets.xcassets */ = {isa = PBXFileReference; lastKnownFileType = folder.assetcatalog; path = Assets.xcassets; sourceTree = "<group>"; };
		EFDB66321FBFDFD000A2AFBD /* Base */ = {isa = PBXFileReference; lastKnownFileType = file.storyboard; name = Base; path = Base.lproj/LaunchScreen.storyboard; sourceTree = "<group>"; };
		EFDB66341FBFDFD000A2AFBD /* Info.plist */ = {isa = PBXFileReference; lastKnownFileType = text.plist.xml; path = Info.plist; sourceTree = "<group>"; };
		EFDB663A1FBFE1BA00A2AFBD /* NowPlayingViewController.swift */ = {isa = PBXFileReference; lastKnownFileType = sourcecode.swift; path = NowPlayingViewController.swift; sourceTree = "<group>"; };
		EFDB663C1FBFE96D00A2AFBD /* MovieCell.swift */ = {isa = PBXFileReference; lastKnownFileType = sourcecode.swift; path = MovieCell.swift; sourceTree = "<group>"; };
/* End PBXFileReference section */

/* Begin PBXFrameworksBuildPhase section */
		EFDB66221FBFDFD000A2AFBD /* Frameworks */ = {
			isa = PBXFrameworksBuildPhase;
			buildActionMask = 2147483647;
			files = (
				1428CD44C3B7D2E52E645A17 /* Pods_flix.framework in Frameworks */,
			);
			runOnlyForDeploymentPostprocessing = 0;
		};
/* End PBXFrameworksBuildPhase section */

/* Begin PBXGroup section */
		6AEEABC1FA31D52C373B00C1 /* Frameworks */ = {
			isa = PBXGroup;
			children = (
				4CA2D51C7456C548E50AF3B7 /* Pods_flix.framework */,
			);
			name = Frameworks;
			sourceTree = "<group>";
		};
		79901DEE6E00C4A122678254 /* Pods */ = {
			isa = PBXGroup;
			children = (
				7BFD37295D4AF9C19EB7BF85 /* Pods-flix.debug.xcconfig */,
				352B3F7F94323CC5168B52DB /* Pods-flix.release.xcconfig */,
			);
			name = Pods;
			sourceTree = "<group>";
		};
		EF7499FB1FC7FB05008F362A /* View Controllers */ = {
			isa = PBXGroup;
			children = (
				EFDB663A1FBFE1BA00A2AFBD /* NowPlayingViewController.swift */,
				EF7499FD1FC7FB66008F362A /* DetailViewController.swift */,
			);
			path = "View Controllers";
			sourceTree = "<group>";
		};
		EF7499FC1FC7FB23008F362A /* Views */ = {
			isa = PBXGroup;
			children = (
				EFDB663C1FBFE96D00A2AFBD /* MovieCell.swift */,
			);
			path = Views;
			sourceTree = "<group>";
		};
		EFDB661C1FBFDFD000A2AFBD = {
			isa = PBXGroup;
			children = (
				EFDB66271FBFDFD000A2AFBD /* flix */,
				EFDB66261FBFDFD000A2AFBD /* Products */,
				79901DEE6E00C4A122678254 /* Pods */,
				6AEEABC1FA31D52C373B00C1 /* Frameworks */,
			);
			sourceTree = "<group>";
		};
		EFDB66261FBFDFD000A2AFBD /* Products */ = {
			isa = PBXGroup;
			children = (
				EFDB66251FBFDFD000A2AFBD /* flix.app */,
			);
			name = Products;
			sourceTree = "<group>";
		};
		EFDB66271FBFDFD000A2AFBD /* flix */ = {
			isa = PBXGroup;
			children = (
				EF7499FC1FC7FB23008F362A /* Views */,
				EF7499FB1FC7FB05008F362A /* View Controllers */,
				EFDB66281FBFDFD000A2AFBD /* AppDelegate.swift */,
				EFDB662C1FBFDFD000A2AFBD /* Main.storyboard */,
				EFDB662F1FBFDFD000A2AFBD /* Assets.xcassets */,
				EFDB66311FBFDFD000A2AFBD /* LaunchScreen.storyboard */,
				EFDB66341FBFDFD000A2AFBD /* Info.plist */,
			);
			path = flix;
			sourceTree = "<group>";
		};
/* End PBXGroup section */

/* Begin PBXNativeTarget section */
		EFDB66241FBFDFD000A2AFBD /* flix */ = {
			isa = PBXNativeTarget;
			buildConfigurationList = EFDB66371FBFDFD000A2AFBD /* Build configuration list for PBXNativeTarget "flix" */;
			buildPhases = (
				DC6BDE36D8D60359A3D4037C /* [CP] Check Pods Manifest.lock */,
				EFDB66211FBFDFD000A2AFBD /* Sources */,
				EFDB66221FBFDFD000A2AFBD /* Frameworks */,
				EFDB66231FBFDFD000A2AFBD /* Resources */,
				7F2242087F5CAA313D34A67E /* [CP] Embed Pods Frameworks */,
				77FBCC1071CF8EFF9DC95DA7 /* [CP] Copy Pods Resources */,
			);
			buildRules = (
			);
			dependencies = (
			);
			name = flix;
			productName = flix;
			productReference = EFDB66251FBFDFD000A2AFBD /* flix.app */;
			productType = "com.apple.product-type.application";
		};
/* End PBXNativeTarget section */

/* Begin PBXProject section */
		EFDB661D1FBFDFD000A2AFBD /* Project object */ = {
			isa = PBXProject;
			attributes = {
				LastSwiftUpdateCheck = 0910;
				LastUpgradeCheck = 0910;
				ORGANIZATIONNAME = "Gerard Recinto";
				TargetAttributes = {
					EFDB66241FBFDFD000A2AFBD = {
						CreatedOnToolsVersion = 9.1;
						ProvisioningStyle = Automatic;
					};
				};
			};
			buildConfigurationList = EFDB66201FBFDFD000A2AFBD /* Build configuration list for PBXProject "flix" */;
			compatibilityVersion = "Xcode 8.0";
			developmentRegion = en;
			hasScannedForEncodings = 0;
			knownRegions = (
				en,
				Base,
			);
			mainGroup = EFDB661C1FBFDFD000A2AFBD;
			productRefGroup = EFDB66261FBFDFD000A2AFBD /* Products */;
			projectDirPath = "";
			projectRoot = "";
			targets = (
				EFDB66241FBFDFD000A2AFBD /* flix */,
			);
		};
/* End PBXProject section */

/* Begin PBXResourcesBuildPhase section */
		EFDB66231FBFDFD000A2AFBD /* Resources */ = {
			isa = PBXResourcesBuildPhase;
			buildActionMask = 2147483647;
			files = (
				EFDB66331FBFDFD000A2AFBD /* LaunchScreen.storyboard in Resources */,
				EFDB66301FBFDFD000A2AFBD /* Assets.xcassets in Resources */,
				EFDB662E1FBFDFD000A2AFBD /* Main.storyboard in Resources */,
			);
			runOnlyForDeploymentPostprocessing = 0;
		};
/* End PBXResourcesBuildPhase section */

/* Begin PBXShellScriptBuildPhase section */
		77FBCC1071CF8EFF9DC95DA7 /* [CP] Copy Pods Resources */ = {
			isa = PBXShellScriptBuildPhase;
			buildActionMask = 2147483647;
			files = (
			);
			inputPaths = (
			);
			name = "[CP] Copy Pods Resources";
			outputPaths = (
			);
			runOnlyForDeploymentPostprocessing = 0;
			shellPath = /bin/sh;
			shellScript = "\"${SRCROOT}/Pods/Target Support Files/Pods-flix/Pods-flix-resources.sh\"\n";
			showEnvVarsInLog = 0;
		};
		7F2242087F5CAA313D34A67E /* [CP] Embed Pods Frameworks */ = {
			isa = PBXShellScriptBuildPhase;
			buildActionMask = 2147483647;
			files = (
			);
			inputPaths = (
			);
			name = "[CP] Embed Pods Frameworks";
			outputPaths = (
			);
			runOnlyForDeploymentPostprocessing = 0;
			shellPath = /bin/sh;
			shellScript = "\"${SRCROOT}/Pods/Target Support Files/Pods-flix/Pods-flix-frameworks.sh\"\n";
			showEnvVarsInLog = 0;
		};
		DC6BDE36D8D60359A3D4037C /* [CP] Check Pods Manifest.lock */ = {
			isa = PBXShellScriptBuildPhase;
			buildActionMask = 2147483647;
			files = (
			);
			inputPaths = (
			);
			name = "[CP] Check Pods Manifest.lock";
			outputPaths = (
			);
			runOnlyForDeploymentPostprocessing = 0;
			shellPath = /bin/sh;
			shellScript = "diff \"${PODS_ROOT}/../Podfile.lock\" \"${PODS_ROOT}/Manifest.lock\" > /dev/null\nif [ $? != 0 ] ; then\n    # print error to STDERR\n    echo \"error: The sandbox is not in sync with the Podfile.lock. Run 'pod install' or update your CocoaPods installation.\" >&2\n    exit 1\nfi\n";
			showEnvVarsInLog = 0;
		};
/* End PBXShellScriptBuildPhase section */

/* Begin PBXSourcesBuildPhase section */
		EFDB66211FBFDFD000A2AFBD /* Sources */ = {
			isa = PBXSourcesBuildPhase;
			buildActionMask = 2147483647;
			files = (
				EFDB663B1FBFE1BA00A2AFBD /* NowPlayingViewController.swift in Sources */,
				EFDB66291FBFDFD000A2AFBD /* AppDelegate.swift in Sources */,
				EFDB663D1FBFE96D00A2AFBD /* MovieCell.swift in Sources */,
				EF7499FE1FC7FB66008F362A /* DetailViewController.swift in Sources */,
			);
			runOnlyForDeploymentPostprocessing = 0;
		};
/* End PBXSourcesBuildPhase section */

/* Begin PBXVariantGroup section */
		EFDB662C1FBFDFD000A2AFBD /* Main.storyboard */ = {
			isa = PBXVariantGroup;
			children = (
				EFDB662D1FBFDFD000A2AFBD /* Base */,
			);
			name = Main.storyboard;
			sourceTree = "<group>";
		};
		EFDB66311FBFDFD000A2AFBD /* LaunchScreen.storyboard */ = {
			isa = PBXVariantGroup;
			children = (
				EFDB66321FBFDFD000A2AFBD /* Base */,
			);
			name = LaunchScreen.storyboard;
			sourceTree = "<group>";
		};
/* End PBXVariantGroup section */

/* Begin XCBuildConfiguration section */
		EFDB66351FBFDFD000A2AFBD /* Debug */ = {
			isa = XCBuildConfiguration;
			buildSettings = {
				ALWAYS_SEARCH_USER_PATHS = NO;
				CLANG_ANALYZER_NONNULL = YES;
				CLANG_ANALYZER_NUMBER_OBJECT_CONVERSION = YES_AGGRESSIVE;
				CLANG_CXX_LANGUAGE_STANDARD = "gnu++14";
				CLANG_CXX_LIBRARY = "libc++";
				CLANG_ENABLE_MODULES = YES;
				CLANG_ENABLE_OBJC_ARC = YES;
				CLANG_WARN_BLOCK_CAPTURE_AUTORELEASING = YES;
				CLANG_WARN_BOOL_CONVERSION = YES;
				CLANG_WARN_COMMA = YES;
				CLANG_WARN_CONSTANT_CONVERSION = YES;
				CLANG_WARN_DIRECT_OBJC_ISA_USAGE = YES_ERROR;
				CLANG_WARN_DOCUMENTATION_COMMENTS = YES;
				CLANG_WARN_EMPTY_BODY = YES;
				CLANG_WARN_ENUM_CONVERSION = YES;
				CLANG_WARN_INFINITE_RECURSION = YES;
				CLANG_WARN_INT_CONVERSION = YES;
				CLANG_WARN_NON_LITERAL_NULL_CONVERSION = YES;
				CLANG_WARN_OBJC_LITERAL_CONVERSION = YES;
				CLANG_WARN_OBJC_ROOT_CLASS = YES_ERROR;
				CLANG_WARN_RANGE_LOOP_ANALYSIS = YES;
				CLANG_WARN_STRICT_PROTOTYPES = YES;
				CLANG_WARN_SUSPICIOUS_MOVE = YES;
				CLANG_WARN_UNGUARDED_AVAILABILITY = YES_AGGRESSIVE;
				CLANG_WARN_UNREACHABLE_CODE = YES;
				CLANG_WARN__DUPLICATE_METHOD_MATCH = YES;
				CODE_SIGN_IDENTITY = "iPhone Developer";
				COPY_PHASE_STRIP = NO;
				DEBUG_INFORMATION_FORMAT = dwarf;
				ENABLE_STRICT_OBJC_MSGSEND = YES;
				ENABLE_TESTABILITY = YES;
				GCC_C_LANGUAGE_STANDARD = gnu11;
				GCC_DYNAMIC_NO_PIC = NO;
				GCC_NO_COMMON_BLOCKS = YES;
				GCC_OPTIMIZATION_LEVEL = 0;
				GCC_PREPROCESSOR_DEFINITIONS = (
					"DEBUG=1",
					"$(inherited)",
				);
				GCC_WARN_64_TO_32_BIT_CONVERSION = YES;
				GCC_WARN_ABOUT_RETURN_TYPE = YES_ERROR;
				GCC_WARN_UNDECLARED_SELECTOR = YES;
				GCC_WARN_UNINITIALIZED_AUTOS = YES_AGGRESSIVE;
				GCC_WARN_UNUSED_FUNCTION = YES;
				GCC_WARN_UNUSED_VARIABLE = YES;
				IPHONEOS_DEPLOYMENT_TARGET = 11.1;
				MTL_ENABLE_DEBUG_INFO = YES;
				ONLY_ACTIVE_ARCH = YES;
				SDKROOT = iphoneos;
				SWIFT_ACTIVE_COMPILATION_CONDITIONS = DEBUG;
				SWIFT_OPTIMIZATION_LEVEL = "-Onone";
			};
			name = Debug;
		};
		EFDB66361FBFDFD000A2AFBD /* Release */ = {
			isa = XCBuildConfiguration;
			buildSettings = {
				ALWAYS_SEARCH_USER_PATHS = NO;
				CLANG_ANALYZER_NONNULL = YES;
				CLANG_ANALYZER_NUMBER_OBJECT_CONVERSION = YES_AGGRESSIVE;
				CLANG_CXX_LANGUAGE_STANDARD = "gnu++14";
				CLANG_CXX_LIBRARY = "libc++";
				CLANG_ENABLE_MODULES = YES;
				CLANG_ENABLE_OBJC_ARC = YES;
				CLANG_WARN_BLOCK_CAPTURE_AUTORELEASING = YES;
				CLANG_WARN_BOOL_CONVERSION = YES;
				CLANG_WARN_COMMA = YES;
				CLANG_WARN_CONSTANT_CONVERSION = YES;
				CLANG_WARN_DIRECT_OBJC_ISA_USAGE = YES_ERROR;
				CLANG_WARN_DOCUMENTATION_COMMENTS = YES;
				CLANG_WARN_EMPTY_BODY = YES;
				CLANG_WARN_ENUM_CONVERSION = YES;
				CLANG_WARN_INFINITE_RECURSION = YES;
				CLANG_WARN_INT_CONVERSION = YES;
				CLANG_WARN_NON_LITERAL_NULL_CONVERSION = YES;
				CLANG_WARN_OBJC_LITERAL_CONVERSION = YES;
				CLANG_WARN_OBJC_ROOT_CLASS = YES_ERROR;
				CLANG_WARN_RANGE_LOOP_ANALYSIS = YES;
				CLANG_WARN_STRICT_PROTOTYPES = YES;
				CLANG_WARN_SUSPICIOUS_MOVE = YES;
				CLANG_WARN_UNGUARDED_AVAILABILITY = YES_AGGRESSIVE;
				CLANG_WARN_UNREACHABLE_CODE = YES;
				CLANG_WARN__DUPLICATE_METHOD_MATCH = YES;
				CODE_SIGN_IDENTITY = "iPhone Developer";
				COPY_PHASE_STRIP = NO;
				DEBUG_INFORMATION_FORMAT = "dwarf-with-dsym";
				ENABLE_NS_ASSERTIONS = NO;
				ENABLE_STRICT_OBJC_MSGSEND = YES;
				GCC_C_LANGUAGE_STANDARD = gnu11;
				GCC_NO_COMMON_BLOCKS = YES;
				GCC_WARN_64_TO_32_BIT_CONVERSION = YES;
				GCC_WARN_ABOUT_RETURN_TYPE = YES_ERROR;
				GCC_WARN_UNDECLARED_SELECTOR = YES;
				GCC_WARN_UNINITIALIZED_AUTOS = YES_AGGRESSIVE;
				GCC_WARN_UNUSED_FUNCTION = YES;
				GCC_WARN_UNUSED_VARIABLE = YES;
				IPHONEOS_DEPLOYMENT_TARGET = 11.1;
				MTL_ENABLE_DEBUG_INFO = NO;
				SDKROOT = iphoneos;
				SWIFT_OPTIMIZATION_LEVEL = "-Owholemodule";
				VALIDATE_PRODUCT = YES;
			};
			name = Release;
		};
		EFDB66381FBFDFD000A2AFBD /* Debug */ = {
			isa = XCBuildConfiguration;
			baseConfigurationReference = 7BFD37295D4AF9C19EB7BF85 /* Pods-flix.debug.xcconfig */;
			buildSettings = {
				ASSETCATALOG_COMPILER_APPICON_NAME = AppIcon;
				CODE_SIGN_STYLE = Automatic;
				INFOPLIST_FILE = flix/Info.plist;
				LD_RUNPATH_SEARCH_PATHS = "$(inherited) @executable_path/Frameworks";
				PRODUCT_BUNDLE_IDENTIFIER = com.codepath.flix;
				PRODUCT_NAME = "$(TARGET_NAME)";
				SWIFT_VERSION = 4.0;
				TARGETED_DEVICE_FAMILY = "1,2";
			};
			name = Debug;
		};
		EFDB66391FBFDFD000A2AFBD /* Release */ = {
			isa = XCBuildConfiguration;
			baseConfigurationReference = 352B3F7F94323CC5168B52DB /* Pods-flix.release.xcconfig */;
			buildSettings = {
				ASSETCATALOG_COMPILER_APPICON_NAME = AppIcon;
				CODE_SIGN_STYLE = Automatic;
				INFOPLIST_FILE = flix/Info.plist;
				LD_RUNPATH_SEARCH_PATHS = "$(inherited) @executable_path/Frameworks";
				PRODUCT_BUNDLE_IDENTIFIER = com.codepath.flix;
				PRODUCT_NAME = "$(TARGET_NAME)";
				SWIFT_VERSION = 4.0;
				TARGETED_DEVICE_FAMILY = "1,2";
			};
			name = Release;
		};
/* End XCBuildConfiguration section */

/* Begin XCConfigurationList section */
		EFDB66201FBFDFD000A2AFBD /* Build configuration list for PBXProject "flix" */ = {
			isa = XCConfigurationList;
			buildConfigurations = (
				EFDB66351FBFDFD000A2AFBD /* Debug */,
				EFDB66361FBFDFD000A2AFBD /* Release */,
			);
			defaultConfigurationIsVisible = 0;
			defaultConfigurationName = Release;
		};
		EFDB66371FBFDFD000A2AFBD /* Build configuration list for PBXNativeTarget "flix" */ = {
			isa = XCConfigurationList;
			buildConfigurations = (
				EFDB66381FBFDFD000A2AFBD /* Debug */,
				EFDB66391FBFDFD000A2AFBD /* Release */,
			);
			defaultConfigurationIsVisible = 0;
			defaultConfigurationName = Release;
		};
/* End XCConfigurationList section */
	};
	rootObject = EFDB661D1FBFDFD000A2AFBD /* Project object */;
}
